
Microsoft Visual Studio Solution File, Format Version 12.00
# Visual Studio Version 16
VisualStudioVersion = 16.0.30413.136
MinimumVisualStudioVersion = 10.0.40219.1
Project("{FAE04EC0-301F-11D3-BF4B-00C04F79EFBC}") = "Safecity.Android", "Safecity.Android\Safecity.Android.csproj", "{A783AB9D-0F3B-4583-86E6-36BFE8B94E8B}"
EndProject
Project("{FAE04EC0-301F-11D3-BF4B-00C04F79EFBC}") = "Safecity", "Safecity\Safecity.csproj", "{617F3631-CDD8-4A2F-AE5C-D055D362F94F}"
EndProject
Global
	GlobalSection(SolutionConfigurationPlatforms) = preSolution
		Debug|Any CPU = Debug|Any CPU
		Release|Any CPU = Release|Any CPU
	EndGlobalSection
	GlobalSection(ProjectConfigurationPlatforms) = postSolution
		{A783AB9D-0F3B-4583-86E6-36BFE8B94E8B}.Debug|Any CPU.ActiveCfg = Debug|Any CPU
		{A783AB9D-0F3B-4583-86E6-36BFE8B94E8B}.Debug|Any CPU.Build.0 = Debug|Any CPU
		{A783AB9D-0F3B-4583-86E6-36BFE8B94E8B}.Debug|Any CPU.Deploy.0 = Debug|Any CPU
		{A783AB9D-0F3B-4583-86E6-36BFE8B94E8B}.Release|Any CPU.ActiveCfg = Release|Any CPU
		{A783AB9D-0F3B-4583-86E6-36BFE8B94E8B}.Release|Any CPU.Build.0 = Release|Any CPU
		{A783AB9D-0F3B-4583-86E6-36BFE8B94E8B}.Release|Any CPU.Deploy.0 = Release|Any CPU
		{617F3631-CDD8-4A2F-AE5C-D055D362F94F}.Debug|Any CPU.ActiveCfg = Debug|Any CPU
		{617F3631-CDD8-4A2F-AE5C-D055D362F94F}.Debug|Any CPU.Build.0 = Debug|Any CPU
		{617F3631-CDD8-4A2F-AE5C-D055D362F94F}.Debug|Any CPU.Deploy.0 = Debug|Any CPU
		{617F3631-CDD8-4A2F-AE5C-D055D362F94F}.Release|Any CPU.ActiveCfg = Release|Any CPU
		{617F3631-CDD8-4A2F-AE5C-D055D362F94F}.Release|Any CPU.Build.0 = Release|Any CPU
		{617F3631-CDD8-4A2F-AE5C-D055D362F94F}.Release|Any CPU.Deploy.0 = Release|Any CPU
	EndGlobalSection
	GlobalSection(SolutionProperties) = preSolution
		HideSolutionNode = FALSE
	EndGlobalSection
	GlobalSection(ExtensibilityGlobals) = postSolution
		SolutionGuid = {993ED8BF-C59D-485F-941E-123E244024A2}
	EndGlobalSection
EndGlobal
